
Microsoft Visual Studio Solution File, Format Version 12.00
# Visual Studio Version 17
VisualStudioVersion = 17.3.32819.101
MinimumVisualStudioVersion = 10.0.40219.1
Project("{FAE04EC0-301F-11D3-BF4B-00C04F79EFBC}") = "RecruitmentSystem", "RecruitmentSystem.csproj", "{61B6EDF8-2B69-4008-95DE-E2AF85D5BA12}"
EndProject
Global
	GlobalSection(SolutionConfigurationPlatforms) = preSolution
		Debug|Any CPU = Debug|Any CPU
		Release|Any CPU = Release|Any CPU
	EndGlobalSection
	GlobalSection(ProjectConfigurationPlatforms) = postSolution
		{61B6EDF8-2B69-4008-95DE-E2AF85D5BA12}.Debug|Any CPU.ActiveCfg = Debug|Any CPU
		{61B6EDF8-2B69-4008-95DE-E2AF85D5BA12}.Debug|Any CPU.Build.0 = Debug|Any CPU
		{61B6EDF8-2B69-4008-95DE-E2AF85D5BA12}.Release|Any CPU.ActiveCfg = Release|Any CPU
		{61B6EDF8-2B69-4008-95DE-E2AF85D5BA12}.Release|Any CPU.Build.0 = Release|Any CPU
	EndGlobalSection
	GlobalSection(SolutionProperties) = preSolution
		HideSolutionNode = FALSE
	EndGlobalSection
	GlobalSection(ExtensibilityGlobals) = postSolution
		SolutionGuid = {EC62C19D-04B2-4C3B-8635-3BCF99FFB792}
	EndGlobalSection
EndGlobal
